
Microsoft Visual Studio Solution File, Format Version 12.00
# Visual Studio Version 17
VisualStudioVersion = 17.9.34723.18
MinimumVisualStudioVersion = 10.0.40219.1
Project("{FAE04EC0-301F-11D3-BF4B-00C04F79EFBC}") = "OpenCCDemo", "OpenCCDemo\OpenCCDemo.csproj", "{96973987-7F31-445D-BD56-6849E8580672}"
EndProject
Project("{FAE04EC0-301F-11D3-BF4B-00C04F79EFBC}") = "MakeDict", "MakeDict\MakeDict.csproj", "{4E061FF6-5FD5-41DC-9A57-3EC708D70A8B}"
EndProject
Global
	GlobalSection(SolutionConfigurationPlatforms) = preSolution
		Debug|Any CPU = Debug|Any CPU
		Release|Any CPU = Release|Any CPU
	EndGlobalSection
	GlobalSection(ProjectConfigurationPlatforms) = postSolution
		{96973987-7F31-445D-BD56-6849E8580672}.Debug|Any CPU.ActiveCfg = Debug|Any CPU
		{96973987-7F31-445D-BD56-6849E8580672}.Debug|Any CPU.Build.0 = Debug|Any CPU
		{96973987-7F31-445D-BD56-6849E8580672}.Release|Any CPU.ActiveCfg = Release|Any CPU
		{96973987-7F31-445D-BD56-6849E8580672}.Release|Any CPU.Build.0 = Release|Any CPU
		{4E061FF6-5FD5-41DC-9A57-3EC708D70A8B}.Debug|Any CPU.ActiveCfg = Debug|Any CPU
		{4E061FF6-5FD5-41DC-9A57-3EC708D70A8B}.Debug|Any CPU.Build.0 = Debug|Any CPU
		{4E061FF6-5FD5-41DC-9A57-3EC708D70A8B}.Release|Any CPU.ActiveCfg = Release|Any CPU
		{4E061FF6-5FD5-41DC-9A57-3EC708D70A8B}.Release|Any CPU.Build.0 = Release|Any CPU
	EndGlobalSection
	GlobalSection(SolutionProperties) = preSolution
		HideSolutionNode = FALSE
	EndGlobalSection
	GlobalSection(ExtensibilityGlobals) = postSolution
		SolutionGuid = {8E9AB636-C33D-4CEF-B040-6CCBFF05E7C1}
	EndGlobalSection
EndGlobal
